
Microsoft Visual Studio Solution File, Format Version 12.00
# Visual Studio Version 17
VisualStudioVersion = 17.9.34728.123
MinimumVisualStudioVersion = 10.0.40219.1
Project("{FAE04EC0-301F-11D3-BF4B-00C04F79EFBC}") = "Dentistry-Diplom", "Dentistry-Diplom\Dentistry-Diplom.csproj", "{BA92378E-517D-4428-A068-9C8C67F6385A}"
EndProject
Global
	GlobalSection(SolutionConfigurationPlatforms) = preSolution
		Debug|Any CPU = Debug|Any CPU
		Release|Any CPU = Release|Any CPU
	EndGlobalSection
	GlobalSection(ProjectConfigurationPlatforms) = postSolution
		{BA92378E-517D-4428-A068-9C8C67F6385A}.Debug|Any CPU.ActiveCfg = Debug|Any CPU
		{BA92378E-517D-4428-A068-9C8C67F6385A}.Debug|Any CPU.Build.0 = Debug|Any CPU
		{BA92378E-517D-4428-A068-9C8C67F6385A}.Release|Any CPU.ActiveCfg = Release|Any CPU
		{BA92378E-517D-4428-A068-9C8C67F6385A}.Release|Any CPU.Build.0 = Release|Any CPU
	EndGlobalSection
	GlobalSection(SolutionProperties) = preSolution
		HideSolutionNode = FALSE
	EndGlobalSection
	GlobalSection(ExtensibilityGlobals) = postSolution
		SolutionGuid = {5895556A-BF78-49B2-A111-A20E92CADC06}
	EndGlobalSection
EndGlobal
